
Microsoft Visual Studio Solution File, Format Version 12.00
# Visual Studio Version 16
VisualStudioVersion = 16.0.29613.14
MinimumVisualStudioVersion = 10.0.40219.1
Project("{FAE04EC0-301F-11D3-BF4B-00C04F79EFBC}") = "SelectionStatements", "SelectionStatements\SelectionStatements.csproj", "{B184C0CC-42B5-4AC3-BC39-0AFEFA44EAF7}"
EndProject
Global
	GlobalSection(SolutionConfigurationPlatforms) = preSolution
		Debug|Any CPU = Debug|Any CPU
		Release|Any CPU = Release|Any CPU
	EndGlobalSection
	GlobalSection(ProjectConfigurationPlatforms) = postSolution
		{B184C0CC-42B5-4AC3-BC39-0AFEFA44EAF7}.Debug|Any CPU.ActiveCfg = Debug|Any CPU
		{B184C0CC-42B5-4AC3-BC39-0AFEFA44EAF7}.Debug|Any CPU.Build.0 = Debug|Any CPU
		{B184C0CC-42B5-4AC3-BC39-0AFEFA44EAF7}.Release|Any CPU.ActiveCfg = Release|Any CPU
		{B184C0CC-42B5-4AC3-BC39-0AFEFA44EAF7}.Release|Any CPU.Build.0 = Release|Any CPU
	EndGlobalSection
	GlobalSection(SolutionProperties) = preSolution
		HideSolutionNode = FALSE
	EndGlobalSection
	GlobalSection(ExtensibilityGlobals) = postSolution
		SolutionGuid = {9A4502B5-84A7-464F-A4EC-C0A02F1878AE}
	EndGlobalSection
EndGlobal
